
Microsoft Visual Studio Solution File, Format Version 12.00
# Visual Studio Version 16
VisualStudioVersion = 16.0.30804.86
MinimumVisualStudioVersion = 10.0.40219.1
Project("{9A19103F-16F7-4668-BE54-9A1E7A4F7556}") = "CoinsChangeCountRecursiveWithCache", "CoinsChangeCountRecursiveWithCache\CoinsChangeCountRecursiveWithCache.csproj", "{3DA6A526-D051-4C63-974F-C5E41FEB99EC}"
EndProject
Project("{9A19103F-16F7-4668-BE54-9A1E7A4F7556}") = "PermutationsVectorWithVectorsCreation", "PermutationsVectorWithVectorsCreation\PermutationsVectorWithVectorsCreation.csproj", "{E729ABA4-32CF-48E5-B547-0489DB37CDDA}"
EndProject
Project("{9A19103F-16F7-4668-BE54-9A1E7A4F7556}") = "CoinsChangeCountRecursive", "CoinsChangeRecursive\CoinsChangeCountRecursive.csproj", "{8D5FD2D3-B773-4C2B-B42B-55C7316BA191}"
EndProject
Project("{9A19103F-16F7-4668-BE54-9A1E7A4F7556}") = "AbcPermutations", "AbcPermutations\AbcPermutations.csproj", "{587B6856-39B9-40CF-8881-112382046536}"
EndProject
Project("{9A19103F-16F7-4668-BE54-9A1E7A4F7556}") = "AnagramDifference", "AnagramDifference\AnagramDifference.csproj", "{B502423D-BCB9-4B57-A44D-28B4CACF35C0}"
EndProject
Project("{9A19103F-16F7-4668-BE54-9A1E7A4F7556}") = "CoinsChangeLimitedCoinCount", "CoinsChangeLimitedCoinCount\CoinsChangeLimitedCoinCount.csproj", "{7CAE6153-A23D-47A2-9B57-CEBEC274D69F}"
EndProject
Project("{9A19103F-16F7-4668-BE54-9A1E7A4F7556}") = "DavisStaircase", "DavisStaircase\DavisStaircase.csproj", "{53107E73-533B-42E4-8CFE-EF056D9F3286}"
EndProject
Project("{FAE04EC0-301F-11D3-BF4B-00C04F79EFBC}") = "Islands", "Islands\Islands.csproj", "{AD226BCA-E0B4-4B21-AE2C-5D1CF95B8619}"
EndProject
Project("{FAE04EC0-301F-11D3-BF4B-00C04F79EFBC}") = "Palindrome", "Palindrome\Palindrome.csproj", "{C9023466-5E00-4F45-B9CD-77227417DAB0}"
EndProject
Project("{FAE04EC0-301F-11D3-BF4B-00C04F79EFBC}") = "ContSubarrayThatAddToNumber", "ContSubarrayThatAddToNumber\ContSubarrayThatAddToNumber.csproj", "{4831598C-C587-4246-8F91-A923160067CF}"
EndProject
Project("{FAE04EC0-301F-11D3-BF4B-00C04F79EFBC}") = "Fibo", "Fibo\Fibo.csproj", "{080AEC3E-41A0-4FB8-90C5-AD637017ABED}"
EndProject
Project("{FAE04EC0-301F-11D3-BF4B-00C04F79EFBC}") = "BinaryEquivalentOfInteger", "BinaryEquivalentOfInteger\BinaryEquivalentOfInteger.csproj", "{CEC9CD68-5CC0-4F6C-8B93-5C2977BCC0FC}"
EndProject
Project("{FAE04EC0-301F-11D3-BF4B-00C04F79EFBC}") = "StringWithRepeatingChars", "StringWithRepeatingChars\StringWithRepeatingChars.csproj", "{125DECA6-9B16-44AB-AF0C-9B0E12577138}"
EndProject
Global
	GlobalSection(SolutionConfigurationPlatforms) = preSolution
		Debug|Any CPU = Debug|Any CPU
		Release|Any CPU = Release|Any CPU
	EndGlobalSection
	GlobalSection(ProjectConfigurationPlatforms) = postSolution
		{3DA6A526-D051-4C63-974F-C5E41FEB99EC}.Debug|Any CPU.ActiveCfg = Debug|Any CPU
		{3DA6A526-D051-4C63-974F-C5E41FEB99EC}.Debug|Any CPU.Build.0 = Debug|Any CPU
		{3DA6A526-D051-4C63-974F-C5E41FEB99EC}.Release|Any CPU.ActiveCfg = Release|Any CPU
		{3DA6A526-D051-4C63-974F-C5E41FEB99EC}.Release|Any CPU.Build.0 = Release|Any CPU
		{E729ABA4-32CF-48E5-B547-0489DB37CDDA}.Debug|Any CPU.ActiveCfg = Debug|Any CPU
		{E729ABA4-32CF-48E5-B547-0489DB37CDDA}.Debug|Any CPU.Build.0 = Debug|Any CPU
		{E729ABA4-32CF-48E5-B547-0489DB37CDDA}.Release|Any CPU.ActiveCfg = Release|Any CPU
		{E729ABA4-32CF-48E5-B547-0489DB37CDDA}.Release|Any CPU.Build.0 = Release|Any CPU
		{8D5FD2D3-B773-4C2B-B42B-55C7316BA191}.Debug|Any CPU.ActiveCfg = Debug|Any CPU
		{8D5FD2D3-B773-4C2B-B42B-55C7316BA191}.Debug|Any CPU.Build.0 = Debug|Any CPU
		{8D5FD2D3-B773-4C2B-B42B-55C7316BA191}.Release|Any CPU.ActiveCfg = Release|Any CPU
		{8D5FD2D3-B773-4C2B-B42B-55C7316BA191}.Release|Any CPU.Build.0 = Release|Any CPU
		{587B6856-39B9-40CF-8881-112382046536}.Debug|Any CPU.ActiveCfg = Debug|Any CPU
		{587B6856-39B9-40CF-8881-112382046536}.Debug|Any CPU.Build.0 = Debug|Any CPU
		{587B6856-39B9-40CF-8881-112382046536}.Release|Any CPU.ActiveCfg = Release|Any CPU
		{587B6856-39B9-40CF-8881-112382046536}.Release|Any CPU.Build.0 = Release|Any CPU
		{B502423D-BCB9-4B57-A44D-28B4CACF35C0}.Debug|Any CPU.ActiveCfg = Debug|Any CPU
		{B502423D-BCB9-4B57-A44D-28B4CACF35C0}.Debug|Any CPU.Build.0 = Debug|Any CPU
		{B502423D-BCB9-4B57-A44D-28B4CACF35C0}.Release|Any CPU.ActiveCfg = Release|Any CPU
		{B502423D-BCB9-4B57-A44D-28B4CACF35C0}.Release|Any CPU.Build.0 = Release|Any CPU
		{7CAE6153-A23D-47A2-9B57-CEBEC274D69F}.Debug|Any CPU.ActiveCfg = Debug|Any CPU
		{7CAE6153-A23D-47A2-9B57-CEBEC274D69F}.Debug|Any CPU.Build.0 = Debug|Any CPU
		{7CAE6153-A23D-47A2-9B57-CEBEC274D69F}.Release|Any CPU.ActiveCfg = Release|Any CPU
		{7CAE6153-A23D-47A2-9B57-CEBEC274D69F}.Release|Any CPU.Build.0 = Release|Any CPU
		{53107E73-533B-42E4-8CFE-EF056D9F3286}.Debug|Any CPU.ActiveCfg = Debug|Any CPU
		{53107E73-533B-42E4-8CFE-EF056D9F3286}.Debug|Any CPU.Build.0 = Debug|Any CPU
		{53107E73-533B-42E4-8CFE-EF056D9F3286}.Release|Any CPU.ActiveCfg = Release|Any CPU
		{53107E73-533B-42E4-8CFE-EF056D9F3286}.Release|Any CPU.Build.0 = Release|Any CPU
		{AD226BCA-E0B4-4B21-AE2C-5D1CF95B8619}.Debug|Any CPU.ActiveCfg = Debug|Any CPU
		{AD226BCA-E0B4-4B21-AE2C-5D1CF95B8619}.Debug|Any CPU.Build.0 = Debug|Any CPU
		{AD226BCA-E0B4-4B21-AE2C-5D1CF95B8619}.Release|Any CPU.ActiveCfg = Release|Any CPU
		{AD226BCA-E0B4-4B21-AE2C-5D1CF95B8619}.Release|Any CPU.Build.0 = Release|Any CPU
		{C9023466-5E00-4F45-B9CD-77227417DAB0}.Debug|Any CPU.ActiveCfg = Debug|Any CPU
		{C9023466-5E00-4F45-B9CD-77227417DAB0}.Debug|Any CPU.Build.0 = Debug|Any CPU
		{C9023466-5E00-4F45-B9CD-77227417DAB0}.Release|Any CPU.ActiveCfg = Release|Any CPU
		{C9023466-5E00-4F45-B9CD-77227417DAB0}.Release|Any CPU.Build.0 = Release|Any CPU
		{4831598C-C587-4246-8F91-A923160067CF}.Debug|Any CPU.ActiveCfg = Debug|Any CPU
		{4831598C-C587-4246-8F91-A923160067CF}.Debug|Any CPU.Build.0 = Debug|Any CPU
		{4831598C-C587-4246-8F91-A923160067CF}.Release|Any CPU.ActiveCfg = Release|Any CPU
		{4831598C-C587-4246-8F91-A923160067CF}.Release|Any CPU.Build.0 = Release|Any CPU
		{080AEC3E-41A0-4FB8-90C5-AD637017ABED}.Debug|Any CPU.ActiveCfg = Debug|Any CPU
		{080AEC3E-41A0-4FB8-90C5-AD637017ABED}.Debug|Any CPU.Build.0 = Debug|Any CPU
		{080AEC3E-41A0-4FB8-90C5-AD637017ABED}.Release|Any CPU.ActiveCfg = Release|Any CPU
		{080AEC3E-41A0-4FB8-90C5-AD637017ABED}.Release|Any CPU.Build.0 = Release|Any CPU
		{CEC9CD68-5CC0-4F6C-8B93-5C2977BCC0FC}.Debug|Any CPU.ActiveCfg = Debug|Any CPU
		{CEC9CD68-5CC0-4F6C-8B93-5C2977BCC0FC}.Debug|Any CPU.Build.0 = Debug|Any CPU
		{CEC9CD68-5CC0-4F6C-8B93-5C2977BCC0FC}.Release|Any CPU.ActiveCfg = Release|Any CPU
		{CEC9CD68-5CC0-4F6C-8B93-5C2977BCC0FC}.Release|Any CPU.Build.0 = Release|Any CPU
		{125DECA6-9B16-44AB-AF0C-9B0E12577138}.Debug|Any CPU.ActiveCfg = Debug|Any CPU
		{125DECA6-9B16-44AB-AF0C-9B0E12577138}.Debug|Any CPU.Build.0 = Debug|Any CPU
		{125DECA6-9B16-44AB-AF0C-9B0E12577138}.Release|Any CPU.ActiveCfg = Release|Any CPU
		{125DECA6-9B16-44AB-AF0C-9B0E12577138}.Release|Any CPU.Build.0 = Release|Any CPU
	EndGlobalSection
	GlobalSection(SolutionProperties) = preSolution
		HideSolutionNode = FALSE
	EndGlobalSection
	GlobalSection(ExtensibilityGlobals) = postSolution
		SolutionGuid = {DBCF5782-3823-4D03-BCB9-E10E43540FE3}
	EndGlobalSection
EndGlobal
